
Microsoft Visual Studio Solution File, Format Version 12.00
# Visual Studio 15
VisualStudioVersion = 15.0.27004.2002
MinimumVisualStudioVersion = 10.0.40219.1
Project("{FAE04EC0-301F-11D3-BF4B-00C04F79EFBC}") = "Common", "Common\Common.csproj", "{93086ED9-4E39-4E28-9C12-9BFB60258F16}"
EndProject
Project("{2150E333-8FDC-42A3-9474-1A3956D46DE8}") = "PersonnelSTU", "PersonnelSTU", "{B86FABFD-046D-4AB7-AA19-EDC5DE30C2CF}"
EndProject
Project("{FAE04EC0-301F-11D3-BF4B-00C04F79EFBC}") = "PersonnelSTU.Domain", "PersonnelSTU.Domain\PersonnelSTU.Domain.csproj", "{DFF09623-6E81-4FB8-9649-5A59AF4A3622}"
EndProject
Project("{FAE04EC0-301F-11D3-BF4B-00C04F79EFBC}") = "PersonnelSTU.Data", "PersonnelSTU.Data\PersonnelSTU.Data.csproj", "{E6E1850A-082E-4CA7-BCE0-0D4881305629}"
EndProject
Project("{2150E333-8FDC-42A3-9474-1A3956D46DE8}") = "PersonnelSTU.FakeDBUtils", "PersonnelSTU.FakeDBUtils", "{5B15CDF2-A575-4E76-A92E-1AAA32FC6D6B}"
EndProject
Project("{2150E333-8FDC-42A3-9474-1A3956D46DE8}") = "Web", "Web", "{457C137A-DA15-44B7-88A8-E3A82BA668FD}"
EndProject
Project("{FAE04EC0-301F-11D3-BF4B-00C04F79EFBC}") = "Web.Common", "Web.Common\Web.Common.csproj", "{C14D252B-C3CF-49D3-97C7-8192D302B311}"
EndProject
Project("{FAE04EC0-301F-11D3-BF4B-00C04F79EFBC}") = "Common.Data", "Common.Data\Common.Data.csproj", "{5B1D3893-720D-4BB9-8A10-7AB2EDD2803E}"
EndProject
Project("{FAE04EC0-301F-11D3-BF4B-00C04F79EFBC}") = "Common.Domain", "Common.Domain\Common.Domain.csproj", "{AE801CCF-EA57-446E-ADE4-3C0ECC6EF32C}"
EndProject
Project("{FAE04EC0-301F-11D3-BF4B-00C04F79EFBC}") = "PersonnelSTU.FakeDBUtilApp", "PersonnelSTU.FakeDBUtilApp\PersonnelSTU.FakeDBUtilApp.csproj", "{9BFE4BA2-C7F1-4ED1-AEA0-F7804FA5C453}"
EndProject
Project("{2150E333-8FDC-42A3-9474-1A3956D46DE8}") = "EducationalPlans", "EducationalPlans", "{DE408069-852B-4675-BD01-9F2A48995F16}"
EndProject
Project("{FAE04EC0-301F-11D3-BF4B-00C04F79EFBC}") = "EducationalPlans.Domain", "EducationalPlans.Domain\EducationalPlans.Domain.csproj", "{224B040D-7251-46EC-833B-3F0D93F73A83}"
EndProject
Project("{FAE04EC0-301F-11D3-BF4B-00C04F79EFBC}") = "EducationalPlans.DomainModelsGenerator", "EducationalPlans.DomainModelsGenerator\EducationalPlans.DomainModelsGenerator.csproj", "{1E9FE7BE-C414-4B1D-B220-FC11A045EEF7}"
EndProject
Project("{2150E333-8FDC-42A3-9474-1A3956D46DE8}") = "StudentCard", "StudentCard", "{686BD855-C97D-4DA8-8B3F-CE93D4FE43B0}"
EndProject
Project("{FAE04EC0-301F-11D3-BF4B-00C04F79EFBC}") = "StudentCard.Web.UI", "StudentCard.Web.UI\StudentCard.Web.UI.csproj", "{39B26E4C-155A-4A4B-83F7-91009752F644}"
EndProject
Project("{2150E333-8FDC-42A3-9474-1A3956D46DE8}") = "Moodle3KL", "Moodle3KL", "{479EE799-379A-42C9-A287-3908916E566A}"
EndProject
Project("{FAE04EC0-301F-11D3-BF4B-00C04F79EFBC}") = "Moodle3KL.Domain", "Moodle3KL.Domain\Moodle3KL.Domain.csproj", "{FD6889A0-1CCE-4D47-9C34-E7CBC0E05E11}"
EndProject
Project("{FAE04EC0-301F-11D3-BF4B-00C04F79EFBC}") = "Moodle3KL.Data", "Moodle3KL.Data\Moodle3KL.Data.csproj", "{FD3AC4B2-D84E-4684-9B41-D4D64F008EB6}"
EndProject
Project("{FAE04EC0-301F-11D3-BF4B-00C04F79EFBC}") = "EducationalPlans.Parser.Api", "EducationalPlans.Parser.Api\EducationalPlans.Parser.Api.csproj", "{9F9C5709-02F1-47FA-93AF-20310A91CF2D}"
EndProject
Project("{FAE04EC0-301F-11D3-BF4B-00C04F79EFBC}") = "EducationalPlans.Parser.UI", "EducationalPlans.Parser.UI\EducationalPlans.Parser.UI.csproj", "{CD226A7A-EA53-4F07-A895-D763E80F974A}"
EndProject
Project("{2150E333-8FDC-42A3-9474-1A3956D46DE8}") = "PersonnelSTU.Core", "PersonnelSTU.Core", "{30DCB879-FCE2-4725-AC69-0C397D490331}"
EndProject
Project("{9A19103F-16F7-4668-BE54-9A1E7A4F7556}") = "PersonnelSTU.Core.Domain", "PersonnelSTU.Core.Domain\PersonnelSTU.Core.Domain.csproj", "{2B46E1B6-72A3-4B5F-91BB-C274052D7AF0}"
EndProject
Project("{9A19103F-16F7-4668-BE54-9A1E7A4F7556}") = "PersonnelSTU.Core.Data", "PersonnelSTU.Core.Data\PersonnelSTU.Core.Data.csproj", "{426BE18F-38E3-4D4A-B743-49C68491634D}"
EndProject
Project("{9A19103F-16F7-4668-BE54-9A1E7A4F7556}") = "PersonnelSTU.Core.Data.Web.API", "PersonnelSTU.Core.Data.Web.API\PersonnelSTU.Core.Data.Web.API.csproj", "{D39A07AD-A429-4354-8680-9A9E702BEE0F}"
EndProject
Global
	GlobalSection(SolutionConfigurationPlatforms) = preSolution
		Debug|Any CPU = Debug|Any CPU
		Release|Any CPU = Release|Any CPU
	EndGlobalSection
	GlobalSection(ProjectConfigurationPlatforms) = postSolution
		{93086ED9-4E39-4E28-9C12-9BFB60258F16}.Debug|Any CPU.ActiveCfg = Debug|Any CPU
		{93086ED9-4E39-4E28-9C12-9BFB60258F16}.Debug|Any CPU.Build.0 = Debug|Any CPU
		{93086ED9-4E39-4E28-9C12-9BFB60258F16}.Release|Any CPU.ActiveCfg = Release|Any CPU
		{93086ED9-4E39-4E28-9C12-9BFB60258F16}.Release|Any CPU.Build.0 = Release|Any CPU
		{DFF09623-6E81-4FB8-9649-5A59AF4A3622}.Debug|Any CPU.ActiveCfg = Debug|Any CPU
		{DFF09623-6E81-4FB8-9649-5A59AF4A3622}.Debug|Any CPU.Build.0 = Debug|Any CPU
		{DFF09623-6E81-4FB8-9649-5A59AF4A3622}.Release|Any CPU.ActiveCfg = Release|Any CPU
		{DFF09623-6E81-4FB8-9649-5A59AF4A3622}.Release|Any CPU.Build.0 = Release|Any CPU
		{E6E1850A-082E-4CA7-BCE0-0D4881305629}.Debug|Any CPU.ActiveCfg = Debug|Any CPU
		{E6E1850A-082E-4CA7-BCE0-0D4881305629}.Debug|Any CPU.Build.0 = Debug|Any CPU
		{E6E1850A-082E-4CA7-BCE0-0D4881305629}.Release|Any CPU.ActiveCfg = Release|Any CPU
		{E6E1850A-082E-4CA7-BCE0-0D4881305629}.Release|Any CPU.Build.0 = Release|Any CPU
		{C14D252B-C3CF-49D3-97C7-8192D302B311}.Debug|Any CPU.ActiveCfg = Debug|Any CPU
		{C14D252B-C3CF-49D3-97C7-8192D302B311}.Debug|Any CPU.Build.0 = Debug|Any CPU
		{C14D252B-C3CF-49D3-97C7-8192D302B311}.Release|Any CPU.ActiveCfg = Release|Any CPU
		{C14D252B-C3CF-49D3-97C7-8192D302B311}.Release|Any CPU.Build.0 = Release|Any CPU
		{5B1D3893-720D-4BB9-8A10-7AB2EDD2803E}.Debug|Any CPU.ActiveCfg = Debug|Any CPU
		{5B1D3893-720D-4BB9-8A10-7AB2EDD2803E}.Debug|Any CPU.Build.0 = Debug|Any CPU
		{5B1D3893-720D-4BB9-8A10-7AB2EDD2803E}.Release|Any CPU.ActiveCfg = Release|Any CPU
		{5B1D3893-720D-4BB9-8A10-7AB2EDD2803E}.Release|Any CPU.Build.0 = Release|Any CPU
		{AE801CCF-EA57-446E-ADE4-3C0ECC6EF32C}.Debug|Any CPU.ActiveCfg = Debug|Any CPU
		{AE801CCF-EA57-446E-ADE4-3C0ECC6EF32C}.Debug|Any CPU.Build.0 = Debug|Any CPU
		{AE801CCF-EA57-446E-ADE4-3C0ECC6EF32C}.Release|Any CPU.ActiveCfg = Release|Any CPU
		{AE801CCF-EA57-446E-ADE4-3C0ECC6EF32C}.Release|Any CPU.Build.0 = Release|Any CPU
		{9BFE4BA2-C7F1-4ED1-AEA0-F7804FA5C453}.Debug|Any CPU.ActiveCfg = Debug|Any CPU
		{9BFE4BA2-C7F1-4ED1-AEA0-F7804FA5C453}.Debug|Any CPU.Build.0 = Debug|Any CPU
		{9BFE4BA2-C7F1-4ED1-AEA0-F7804FA5C453}.Release|Any CPU.ActiveCfg = Release|Any CPU
		{9BFE4BA2-C7F1-4ED1-AEA0-F7804FA5C453}.Release|Any CPU.Build.0 = Release|Any CPU
		{224B040D-7251-46EC-833B-3F0D93F73A83}.Debug|Any CPU.ActiveCfg = Debug|Any CPU
		{224B040D-7251-46EC-833B-3F0D93F73A83}.Debug|Any CPU.Build.0 = Debug|Any CPU
		{224B040D-7251-46EC-833B-3F0D93F73A83}.Release|Any CPU.ActiveCfg = Release|Any CPU
		{224B040D-7251-46EC-833B-3F0D93F73A83}.Release|Any CPU.Build.0 = Release|Any CPU
		{1E9FE7BE-C414-4B1D-B220-FC11A045EEF7}.Debug|Any CPU.ActiveCfg = Debug|Any CPU
		{1E9FE7BE-C414-4B1D-B220-FC11A045EEF7}.Debug|Any CPU.Build.0 = Debug|Any CPU
		{1E9FE7BE-C414-4B1D-B220-FC11A045EEF7}.Release|Any CPU.ActiveCfg = Release|Any CPU
		{1E9FE7BE-C414-4B1D-B220-FC11A045EEF7}.Release|Any CPU.Build.0 = Release|Any CPU
		{39B26E4C-155A-4A4B-83F7-91009752F644}.Debug|Any CPU.ActiveCfg = Debug|Any CPU
		{39B26E4C-155A-4A4B-83F7-91009752F644}.Debug|Any CPU.Build.0 = Debug|Any CPU
		{39B26E4C-155A-4A4B-83F7-91009752F644}.Release|Any CPU.ActiveCfg = Release|Any CPU
		{39B26E4C-155A-4A4B-83F7-91009752F644}.Release|Any CPU.Build.0 = Release|Any CPU
		{FD6889A0-1CCE-4D47-9C34-E7CBC0E05E11}.Debug|Any CPU.ActiveCfg = Debug|Any CPU
		{FD6889A0-1CCE-4D47-9C34-E7CBC0E05E11}.Debug|Any CPU.Build.0 = Debug|Any CPU
		{FD6889A0-1CCE-4D47-9C34-E7CBC0E05E11}.Release|Any CPU.ActiveCfg = Release|Any CPU
		{FD6889A0-1CCE-4D47-9C34-E7CBC0E05E11}.Release|Any CPU.Build.0 = Release|Any CPU
		{FD3AC4B2-D84E-4684-9B41-D4D64F008EB6}.Debug|Any CPU.ActiveCfg = Debug|Any CPU
		{FD3AC4B2-D84E-4684-9B41-D4D64F008EB6}.Debug|Any CPU.Build.0 = Debug|Any CPU
		{FD3AC4B2-D84E-4684-9B41-D4D64F008EB6}.Release|Any CPU.ActiveCfg = Release|Any CPU
		{FD3AC4B2-D84E-4684-9B41-D4D64F008EB6}.Release|Any CPU.Build.0 = Release|Any CPU
		{9F9C5709-02F1-47FA-93AF-20310A91CF2D}.Debug|Any CPU.ActiveCfg = Debug|Any CPU
		{9F9C5709-02F1-47FA-93AF-20310A91CF2D}.Debug|Any CPU.Build.0 = Debug|Any CPU
		{9F9C5709-02F1-47FA-93AF-20310A91CF2D}.Release|Any CPU.ActiveCfg = Release|Any CPU
		{9F9C5709-02F1-47FA-93AF-20310A91CF2D}.Release|Any CPU.Build.0 = Release|Any CPU
		{CD226A7A-EA53-4F07-A895-D763E80F974A}.Debug|Any CPU.ActiveCfg = Debug|Any CPU
		{CD226A7A-EA53-4F07-A895-D763E80F974A}.Debug|Any CPU.Build.0 = Debug|Any CPU
		{CD226A7A-EA53-4F07-A895-D763E80F974A}.Release|Any CPU.ActiveCfg = Release|Any CPU
		{CD226A7A-EA53-4F07-A895-D763E80F974A}.Release|Any CPU.Build.0 = Release|Any CPU
		{2B46E1B6-72A3-4B5F-91BB-C274052D7AF0}.Debug|Any CPU.ActiveCfg = Debug|Any CPU
		{2B46E1B6-72A3-4B5F-91BB-C274052D7AF0}.Debug|Any CPU.Build.0 = Debug|Any CPU
		{2B46E1B6-72A3-4B5F-91BB-C274052D7AF0}.Release|Any CPU.ActiveCfg = Release|Any CPU
		{2B46E1B6-72A3-4B5F-91BB-C274052D7AF0}.Release|Any CPU.Build.0 = Release|Any CPU
		{426BE18F-38E3-4D4A-B743-49C68491634D}.Debug|Any CPU.ActiveCfg = Debug|Any CPU
		{426BE18F-38E3-4D4A-B743-49C68491634D}.Debug|Any CPU.Build.0 = Debug|Any CPU
		{426BE18F-38E3-4D4A-B743-49C68491634D}.Release|Any CPU.ActiveCfg = Release|Any CPU
		{426BE18F-38E3-4D4A-B743-49C68491634D}.Release|Any CPU.Build.0 = Release|Any CPU
		{D39A07AD-A429-4354-8680-9A9E702BEE0F}.Debug|Any CPU.ActiveCfg = Debug|Any CPU
		{D39A07AD-A429-4354-8680-9A9E702BEE0F}.Debug|Any CPU.Build.0 = Debug|Any CPU
		{D39A07AD-A429-4354-8680-9A9E702BEE0F}.Release|Any CPU.ActiveCfg = Release|Any CPU
		{D39A07AD-A429-4354-8680-9A9E702BEE0F}.Release|Any CPU.Build.0 = Release|Any CPU
	EndGlobalSection
	GlobalSection(SolutionProperties) = preSolution
		HideSolutionNode = FALSE
	EndGlobalSection
	GlobalSection(NestedProjects) = preSolution
		{DFF09623-6E81-4FB8-9649-5A59AF4A3622} = {B86FABFD-046D-4AB7-AA19-EDC5DE30C2CF}
		{E6E1850A-082E-4CA7-BCE0-0D4881305629} = {B86FABFD-046D-4AB7-AA19-EDC5DE30C2CF}
		{5B15CDF2-A575-4E76-A92E-1AAA32FC6D6B} = {B86FABFD-046D-4AB7-AA19-EDC5DE30C2CF}
		{C14D252B-C3CF-49D3-97C7-8192D302B311} = {457C137A-DA15-44B7-88A8-E3A82BA668FD}
		{9BFE4BA2-C7F1-4ED1-AEA0-F7804FA5C453} = {5B15CDF2-A575-4E76-A92E-1AAA32FC6D6B}
		{224B040D-7251-46EC-833B-3F0D93F73A83} = {DE408069-852B-4675-BD01-9F2A48995F16}
		{1E9FE7BE-C414-4B1D-B220-FC11A045EEF7} = {DE408069-852B-4675-BD01-9F2A48995F16}
		{39B26E4C-155A-4A4B-83F7-91009752F644} = {686BD855-C97D-4DA8-8B3F-CE93D4FE43B0}
		{FD6889A0-1CCE-4D47-9C34-E7CBC0E05E11} = {479EE799-379A-42C9-A287-3908916E566A}
		{FD3AC4B2-D84E-4684-9B41-D4D64F008EB6} = {479EE799-379A-42C9-A287-3908916E566A}
		{9F9C5709-02F1-47FA-93AF-20310A91CF2D} = {DE408069-852B-4675-BD01-9F2A48995F16}
		{CD226A7A-EA53-4F07-A895-D763E80F974A} = {DE408069-852B-4675-BD01-9F2A48995F16}
		{2B46E1B6-72A3-4B5F-91BB-C274052D7AF0} = {30DCB879-FCE2-4725-AC69-0C397D490331}
		{426BE18F-38E3-4D4A-B743-49C68491634D} = {30DCB879-FCE2-4725-AC69-0C397D490331}
		{D39A07AD-A429-4354-8680-9A9E702BEE0F} = {30DCB879-FCE2-4725-AC69-0C397D490331}
	EndGlobalSection
	GlobalSection(ExtensibilityGlobals) = postSolution
		SolutionGuid = {24984DED-B3A2-481F-B0FA-BDD229F64B73}
	EndGlobalSection
EndGlobal
